
Microsoft Visual Studio Solution File, Format Version 12.00
# Visual Studio Version 17
VisualStudioVersion = 17.0.31903.59
MinimumVisualStudioVersion = 10.0.40219.1
Project("{2150E333-8FDC-42A3-9474-1A3956D46DE8}") = "src", "src", "{4FA61327-A7FD-4F67-897C-940D280C389D}"
EndProject
Project("{FAE04EC0-301F-11D3-BF4B-00C04F79EFBC}") = "CareerConnect.Domain", "src\CareerConnect.Domain\CareerConnect.Domain.csproj", "{129EDB67-774E-49E2-B8DB-B8C0D7ED58FE}"
EndProject
Project("{FAE04EC0-301F-11D3-BF4B-00C04F79EFBC}") = "CareerConnect.Application", "src\CareerConnect.Application\CareerConnect.Application.csproj", "{6DE9E075-D7DD-4B3E-9FF1-C17450C01968}"
EndProject
Project("{FAE04EC0-301F-11D3-BF4B-00C04F79EFBC}") = "CareerConnect.Infrastructure", "src\CareerConnect.Infrastructure\CareerConnect.Infrastructure.csproj", "{410B196D-A867-46DC-9BD2-850CE8BD9A51}"
EndProject
Project("{FAE04EC0-301F-11D3-BF4B-00C04F79EFBC}") = "CareerConnect.API", "src\CareerConnect.API\CareerConnect.API.csproj", "{DA9D6DEA-45B3-479F-B237-854F5D46E223}"
EndProject
Global
	GlobalSection(SolutionConfigurationPlatforms) = preSolution
		Debug|Any CPU = Debug|Any CPU
		Release|Any CPU = Release|Any CPU
	EndGlobalSection
	GlobalSection(SolutionProperties) = preSolution
		HideSolutionNode = FALSE
	EndGlobalSection
	GlobalSection(ProjectConfigurationPlatforms) = postSolution
		{129EDB67-774E-49E2-B8DB-B8C0D7ED58FE}.Debug|Any CPU.ActiveCfg = Debug|Any CPU
		{129EDB67-774E-49E2-B8DB-B8C0D7ED58FE}.Debug|Any CPU.Build.0 = Debug|Any CPU
		{129EDB67-774E-49E2-B8DB-B8C0D7ED58FE}.Release|Any CPU.ActiveCfg = Release|Any CPU
		{129EDB67-774E-49E2-B8DB-B8C0D7ED58FE}.Release|Any CPU.Build.0 = Release|Any CPU
		{6DE9E075-D7DD-4B3E-9FF1-C17450C01968}.Debug|Any CPU.ActiveCfg = Debug|Any CPU
		{6DE9E075-D7DD-4B3E-9FF1-C17450C01968}.Debug|Any CPU.Build.0 = Debug|Any CPU
		{6DE9E075-D7DD-4B3E-9FF1-C17450C01968}.Release|Any CPU.ActiveCfg = Release|Any CPU
		{6DE9E075-D7DD-4B3E-9FF1-C17450C01968}.Release|Any CPU.Build.0 = Release|Any CPU
		{410B196D-A867-46DC-9BD2-850CE8BD9A51}.Debug|Any CPU.ActiveCfg = Debug|Any CPU
		{410B196D-A867-46DC-9BD2-850CE8BD9A51}.Debug|Any CPU.Build.0 = Debug|Any CPU
		{410B196D-A867-46DC-9BD2-850CE8BD9A51}.Release|Any CPU.ActiveCfg = Release|Any CPU
		{410B196D-A867-46DC-9BD2-850CE8BD9A51}.Release|Any CPU.Build.0 = Release|Any CPU
		{DA9D6DEA-45B3-479F-B237-854F5D46E223}.Debug|Any CPU.ActiveCfg = Debug|Any CPU
		{DA9D6DEA-45B3-479F-B237-854F5D46E223}.Debug|Any CPU.Build.0 = Debug|Any CPU
		{DA9D6DEA-45B3-479F-B237-854F5D46E223}.Release|Any CPU.ActiveCfg = Release|Any CPU
		{DA9D6DEA-45B3-479F-B237-854F5D46E223}.Release|Any CPU.Build.0 = Release|Any CPU
	EndGlobalSection
	GlobalSection(NestedProjects) = preSolution
		{129EDB67-774E-49E2-B8DB-B8C0D7ED58FE} = {4FA61327-A7FD-4F67-897C-940D280C389D}
		{6DE9E075-D7DD-4B3E-9FF1-C17450C01968} = {4FA61327-A7FD-4F67-897C-940D280C389D}
		{410B196D-A867-46DC-9BD2-850CE8BD9A51} = {4FA61327-A7FD-4F67-897C-940D280C389D}
		{DA9D6DEA-45B3-479F-B237-854F5D46E223} = {4FA61327-A7FD-4F67-897C-940D280C389D}
	EndGlobalSection
EndGlobal
